// !$*UTF8*$!
{
	archiveVersion = 1;
	classes = {
	};
	objectVersion = 77;
	objects = {

/* Begin PBXBuildFile section */
		50A2B92F2E44645A007A4AE3 /* KlikIDM-DS.podspec in Resources */ = {isa = PBXBuildFile; fileRef = 50A2B92E2E446451007A4AE3 /* KlikIDM-DS.podspec */; };
		CCFC5D2F8C84381A16A98567 /* Pods_KlikIDM_DS.framework in Frameworks */ = {isa = PBXBuildFile; fileRef = 0EE9F5D0C077C3C5CDA874C3 /* Pods_KlikIDM_DS.framework */; };
/* End PBXBuildFile section */

/* Begin PBXContainerItemProxy section */
		50A2B7E52E4341E5007A4AE3 /* PBXContainerItemProxy */ = {
			isa = PBXContainerItemProxy;
			containerPortal = 50A2B7C62E4341E2007A4AE3 /* Project object */;
			proxyType = 1;
			remoteGlobalIDString = 50A2B7CD2E4341E2007A4AE3;
			remoteInfo = "KlikIDM-DS";
		};
		50A2B7EF2E4341E5007A4AE3 /* PBXContainerItemProxy */ = {
			isa = PBXContainerItemProxy;
			containerPortal = 50A2B7C62E4341E2007A4AE3 /* Project object */;
			proxyType = 1;
			remoteGlobalIDString = 50A2B7CD2E4341E2007A4AE3;
			remoteInfo = "KlikIDM-DS";
		};
/* End PBXContainerItemProxy section */

/* Begin PBXFileReference section */
		0EE9F5D0C077C3C5CDA874C3 /* Pods_KlikIDM_DS.framework */ = {isa = PBXFileReference; explicitFileType = wrapper.framework; includeInIndex = 0; path = Pods_KlikIDM_DS.framework; sourceTree = BUILT_PRODUCTS_DIR; };
		50A2B7CE2E4341E2007A4AE3 /* KlikIDM-DS.app */ = {isa = PBXFileReference; explicitFileType = wrapper.application; includeInIndex = 0; path = "KlikIDM-DS.app"; sourceTree = BUILT_PRODUCTS_DIR; };
		50A2B7E42E4341E5007A4AE3 /* KlikIDM-DSTests.xctest */ = {isa = PBXFileReference; explicitFileType = wrapper.cfbundle; includeInIndex = 0; path = "KlikIDM-DSTests.xctest"; sourceTree = BUILT_PRODUCTS_DIR; };
		50A2B7EE2E4341E5007A4AE3 /* KlikIDM-DSUITests.xctest */ = {isa = PBXFileReference; explicitFileType = wrapper.cfbundle; includeInIndex = 0; path = "KlikIDM-DSUITests.xctest"; sourceTree = BUILT_PRODUCTS_DIR; };
		50A2B92E2E446451007A4AE3 /* KlikIDM-DS.podspec */ = {isa = PBXFileReference; lastKnownFileType = text; path = "KlikIDM-DS.podspec"; sourceTree = "<group>"; };
		854AA0A2F8FC6FF28B65D73C /* Pods-KlikIDM-DS.release.xcconfig */ = {isa = PBXFileReference; includeInIndex = 1; lastKnownFileType = text.xcconfig; name = "Pods-KlikIDM-DS.release.xcconfig"; path = "Target Support Files/Pods-KlikIDM-DS/Pods-KlikIDM-DS.release.xcconfig"; sourceTree = "<group>"; };
		E5500D139A39871A091D8D33 /* Pods-KlikIDM-DS.debug.xcconfig */ = {isa = PBXFileReference; includeInIndex = 1; lastKnownFileType = text.xcconfig; name = "Pods-KlikIDM-DS.debug.xcconfig"; path = "Target Support Files/Pods-KlikIDM-DS/Pods-KlikIDM-DS.debug.xcconfig"; sourceTree = "<group>"; };
/* End PBXFileReference section */

/* Begin PBXFileSystemSynchronizedBuildFileExceptionSet section */
		50A2B7F62E4341E5007A4AE3 /* Exceptions for "KlikIDM-DS" folder in "KlikIDM-DS" target */ = {
			isa = PBXFileSystemSynchronizedBuildFileExceptionSet;
			membershipExceptions = (
				Info.plist,
			);
			target = 50A2B7CD2E4341E2007A4AE3 /* KlikIDM-DS */;
		};
/* End PBXFileSystemSynchronizedBuildFileExceptionSet section */

/* Begin PBXFileSystemSynchronizedRootGroup section */
		50A2B7D02E4341E2007A4AE3 /* KlikIDM-DS */ = {
			isa = PBXFileSystemSynchronizedRootGroup;
			exceptions = (
				50A2B7F62E4341E5007A4AE3 /* Exceptions for "KlikIDM-DS" folder in "KlikIDM-DS" target */,
			);
			path = "KlikIDM-DS";
			sourceTree = "<group>";
		};
		50A2B7E72E4341E5007A4AE3 /* KlikIDM-DSTests */ = {
			isa = PBXFileSystemSynchronizedRootGroup;
			exceptions = (
			);
			path = "KlikIDM-DSTests";
			sourceTree = "<group>";
		};
		50A2B7F12E4341E5007A4AE3 /* KlikIDM-DSUITests */ = {
			isa = PBXFileSystemSynchronizedRootGroup;
			exceptions = (
			);
			path = "KlikIDM-DSUITests";
			sourceTree = "<group>";
		};
/* End PBXFileSystemSynchronizedRootGroup section */

/* Begin PBXFrameworksBuildPhase section */
		50A2B7CB2E4341E2007A4AE3 /* Frameworks */ = {
			isa = PBXFrameworksBuildPhase;
			buildActionMask = 2147483647;
			files = (
				CCFC5D2F8C84381A16A98567 /* Pods_KlikIDM_DS.framework in Frameworks */,
			);
			runOnlyForDeploymentPostprocessing = 0;
		};
		50A2B7E12E4341E5007A4AE3 /* Frameworks */ = {
			isa = PBXFrameworksBuildPhase;
			buildActionMask = 2147483647;
			files = (
			);
			runOnlyForDeploymentPostprocessing = 0;
		};
		50A2B7EB2E4341E5007A4AE3 /* Frameworks */ = {
			isa = PBXFrameworksBuildPhase;
			buildActionMask = 2147483647;
			files = (
			);
			runOnlyForDeploymentPostprocessing = 0;
		};
/* End PBXFrameworksBuildPhase section */

/* Begin PBXGroup section */
		2FFE9B82A0D3F16F34C62CC3 /* Frameworks */ = {
			isa = PBXGroup;
			children = (
				0EE9F5D0C077C3C5CDA874C3 /* Pods_KlikIDM_DS.framework */,
			);
			name = Frameworks;
			sourceTree = "<group>";
		};
		50A2B7C52E4341E2007A4AE3 = {
			isa = PBXGroup;
			children = (
				50A2B92E2E446451007A4AE3 /* KlikIDM-DS.podspec */,
				50A2B7D02E4341E2007A4AE3 /* KlikIDM-DS */,
				50A2B7E72E4341E5007A4AE3 /* KlikIDM-DSTests */,
				50A2B7F12E4341E5007A4AE3 /* KlikIDM-DSUITests */,
				50A2B7CF2E4341E2007A4AE3 /* Products */,
				86AD923C032A21AA3AAD3574 /* Pods */,
				2FFE9B82A0D3F16F34C62CC3 /* Frameworks */,
			);
			sourceTree = "<group>";
		};
		50A2B7CF2E4341E2007A4AE3 /* Products */ = {
			isa = PBXGroup;
			children = (
				50A2B7CE2E4341E2007A4AE3 /* KlikIDM-DS.app */,
				50A2B7E42E4341E5007A4AE3 /* KlikIDM-DSTests.xctest */,
				50A2B7EE2E4341E5007A4AE3 /* KlikIDM-DSUITests.xctest */,
			);
			name = Products;
			sourceTree = "<group>";
		};
		86AD923C032A21AA3AAD3574 /* Pods */ = {
			isa = PBXGroup;
			children = (
				E5500D139A39871A091D8D33 /* Pods-KlikIDM-DS.debug.xcconfig */,
				854AA0A2F8FC6FF28B65D73C /* Pods-KlikIDM-DS.release.xcconfig */,
			);
			name = Pods;
			path = Pods;
			sourceTree = "<group>";
		};
/* End PBXGroup section */

/* Begin PBXNativeTarget section */
		50A2B7CD2E4341E2007A4AE3 /* KlikIDM-DS */ = {
			isa = PBXNativeTarget;
			buildConfigurationList = 50A2B7F72E4341E5007A4AE3 /* Build configuration list for PBXNativeTarget "KlikIDM-DS" */;
			buildPhases = (
				3C054907582B9C3DF0981399 /* [CP] Check Pods Manifest.lock */,
				50A2B7CA2E4341E2007A4AE3 /* Sources */,
				50A2B7CB2E4341E2007A4AE3 /* Frameworks */,
				50A2B7CC2E4341E2007A4AE3 /* Resources */,
			);
			buildRules = (
			);
			dependencies = (
			);
			fileSystemSynchronizedGroups = (
				50A2B7D02E4341E2007A4AE3 /* KlikIDM-DS */,
			);
			name = "KlikIDM-DS";
			productName = "KlikIDM-DS";
			productReference = 50A2B7CE2E4341E2007A4AE3 /* KlikIDM-DS.app */;
			productType = "com.apple.product-type.application";
		};
		50A2B7E32E4341E5007A4AE3 /* KlikIDM-DSTests */ = {
			isa = PBXNativeTarget;
			buildConfigurationList = 50A2B7FC2E4341E5007A4AE3 /* Build configuration list for PBXNativeTarget "KlikIDM-DSTests" */;
			buildPhases = (
				50A2B7E02E4341E5007A4AE3 /* Sources */,
				50A2B7E12E4341E5007A4AE3 /* Frameworks */,
				50A2B7E22E4341E5007A4AE3 /* Resources */,
			);
			buildRules = (
			);
			dependencies = (
				50A2B7E62E4341E5007A4AE3 /* PBXTargetDependency */,
			);
			fileSystemSynchronizedGroups = (
				50A2B7E72E4341E5007A4AE3 /* KlikIDM-DSTests */,
			);
			name = "KlikIDM-DSTests";
			productName = "KlikIDM-DSTests";
			productReference = 50A2B7E42E4341E5007A4AE3 /* KlikIDM-DSTests.xctest */;
			productType = "com.apple.product-type.bundle.unit-test";
		};
		50A2B7ED2E4341E5007A4AE3 /* KlikIDM-DSUITests */ = {
			isa = PBXNativeTarget;
			buildConfigurationList = 50A2B7FF2E4341E5007A4AE3 /* Build configuration list for PBXNativeTarget "KlikIDM-DSUITests" */;
			buildPhases = (
				50A2B7EA2E4341E5007A4AE3 /* Sources */,
				50A2B7EB2E4341E5007A4AE3 /* Frameworks */,
				50A2B7EC2E4341E5007A4AE3 /* Resources */,
			);
			buildRules = (
			);
			dependencies = (
				50A2B7F02E4341E5007A4AE3 /* PBXTargetDependency */,
			);
			fileSystemSynchronizedGroups = (
				50A2B7F12E4341E5007A4AE3 /* KlikIDM-DSUITests */,
			);
			name = "KlikIDM-DSUITests";
			productName = "KlikIDM-DSUITests";
			productReference = 50A2B7EE2E4341E5007A4AE3 /* KlikIDM-DSUITests.xctest */;
			productType = "com.apple.product-type.bundle.ui-testing";
		};
/* End PBXNativeTarget section */

/* Begin PBXProject section */
		50A2B7C62E4341E2007A4AE3 /* Project object */ = {
			isa = PBXProject;
			attributes = {
				BuildIndependentTargetsInParallel = 1;
				LastSwiftUpdateCheck = 1640;
				LastUpgradeCheck = 1640;
				TargetAttributes = {
					50A2B7CD2E4341E2007A4AE3 = {
						CreatedOnToolsVersion = 16.4;
					};
					50A2B7E32E4341E5007A4AE3 = {
						CreatedOnToolsVersion = 16.4;
						TestTargetID = 50A2B7CD2E4341E2007A4AE3;
					};
					50A2B7ED2E4341E5007A4AE3 = {
						CreatedOnToolsVersion = 16.4;
						TestTargetID = 50A2B7CD2E4341E2007A4AE3;
					};
				};
			};
			buildConfigurationList = 50A2B7C92E4341E2007A4AE3 /* Build configuration list for PBXProject "KlikIDM-DS" */;
			developmentRegion = en;
			hasScannedForEncodings = 0;
			knownRegions = (
				en,
				Base,
			);
			mainGroup = 50A2B7C52E4341E2007A4AE3;
			minimizedProjectReferenceProxies = 1;
			preferredProjectObjectVersion = 77;
			productRefGroup = 50A2B7CF2E4341E2007A4AE3 /* Products */;
			projectDirPath = "";
			projectRoot = "";
			targets = (
				50A2B7CD2E4341E2007A4AE3 /* KlikIDM-DS */,
				50A2B7E32E4341E5007A4AE3 /* KlikIDM-DSTests */,
				50A2B7ED2E4341E5007A4AE3 /* KlikIDM-DSUITests */,
			);
		};
/* End PBXProject section */

/* Begin PBXResourcesBuildPhase section */
		50A2B7CC2E4341E2007A4AE3 /* Resources */ = {
			isa = PBXResourcesBuildPhase;
			buildActionMask = 2147483647;
			files = (
				50A2B92F2E44645A007A4AE3 /* KlikIDM-DS.podspec in Resources */,
			);
			runOnlyForDeploymentPostprocessing = 0;
		};
		50A2B7E22E4341E5007A4AE3 /* Resources */ = {
			isa = PBXResourcesBuildPhase;
			buildActionMask = 2147483647;
			files = (
			);
			runOnlyForDeploymentPostprocessing = 0;
		};
		50A2B7EC2E4341E5007A4AE3 /* Resources */ = {
			isa = PBXResourcesBuildPhase;
			buildActionMask = 2147483647;
			files = (
			);
			runOnlyForDeploymentPostprocessing = 0;
		};
/* End PBXResourcesBuildPhase section */

/* Begin PBXShellScriptBuildPhase section */
		3C054907582B9C3DF0981399 /* [CP] Check Pods Manifest.lock */ = {
			isa = PBXShellScriptBuildPhase;
			buildActionMask = 2147483647;
			files = (
			);
			inputFileListPaths = (
			);
			inputPaths = (
				"${PODS_PODFILE_DIR_PATH}/Podfile.lock",
				"${PODS_ROOT}/Manifest.lock",
			);
			name = "[CP] Check Pods Manifest.lock";
			outputFileListPaths = (
			);
			outputPaths = (
				"$(DERIVED_FILE_DIR)/Pods-KlikIDM-DS-checkManifestLockResult.txt",
			);
			runOnlyForDeploymentPostprocessing = 0;
			shellPath = /bin/sh;
			shellScript = "diff \"${PODS_PODFILE_DIR_PATH}/Podfile.lock\" \"${PODS_ROOT}/Manifest.lock\" > /dev/null\nif [ $? != 0 ] ; then\n    # print error to STDERR\n    echo \"error: The sandbox is not in sync with the Podfile.lock. Run 'pod install' or update your CocoaPods installation.\" >&2\n    exit 1\nfi\n# This output is used by Xcode 'outputs' to avoid re-running this script phase.\necho \"SUCCESS\" > \"${SCRIPT_OUTPUT_FILE_0}\"\n";
			showEnvVarsInLog = 0;
		};
/* End PBXShellScriptBuildPhase section */

/* Begin PBXSourcesBuildPhase section */
		50A2B7CA2E4341E2007A4AE3 /* Sources */ = {
			isa = PBXSourcesBuildPhase;
			buildActionMask = 2147483647;
			files = (
			);
			runOnlyForDeploymentPostprocessing = 0;
		};
		50A2B7E02E4341E5007A4AE3 /* Sources */ = {
			isa = PBXSourcesBuildPhase;
			buildActionMask = 2147483647;
			files = (
			);
			runOnlyForDeploymentPostprocessing = 0;
		};
		50A2B7EA2E4341E5007A4AE3 /* Sources */ = {
			isa = PBXSourcesBuildPhase;
			buildActionMask = 2147483647;
			files = (
			);
			runOnlyForDeploymentPostprocessing = 0;
		};
/* End PBXSourcesBuildPhase section */

/* Begin PBXTargetDependency section */
		50A2B7E62E4341E5007A4AE3 /* PBXTargetDependency */ = {
			isa = PBXTargetDependency;
			target = 50A2B7CD2E4341E2007A4AE3 /* KlikIDM-DS */;
			targetProxy = 50A2B7E52E4341E5007A4AE3 /* PBXContainerItemProxy */;
		};
		50A2B7F02E4341E5007A4AE3 /* PBXTargetDependency */ = {
			isa = PBXTargetDependency;
			target = 50A2B7CD2E4341E2007A4AE3 /* KlikIDM-DS */;
			targetProxy = 50A2B7EF2E4341E5007A4AE3 /* PBXContainerItemProxy */;
		};
/* End PBXTargetDependency section */

/* Begin XCBuildConfiguration section */
		50A2B7F82E4341E5007A4AE3 /* Debug */ = {
			isa = XCBuildConfiguration;
			baseConfigurationReference = E5500D139A39871A091D8D33 /* Pods-KlikIDM-DS.debug.xcconfig */;
			buildSettings = {
				ASSETCATALOG_COMPILER_APPICON_NAME = AppIcon;
				ASSETCATALOG_COMPILER_GLOBAL_ACCENT_COLOR_NAME = AccentColor;
				CODE_SIGN_STYLE = Automatic;
				CURRENT_PROJECT_VERSION = 1;
				DEVELOPMENT_TEAM = MHKJ3B9LJR;
				GENERATE_INFOPLIST_FILE = YES;
				INFOPLIST_FILE = "KlikIDM-DS/Info.plist";
				INFOPLIST_KEY_UIApplicationSupportsIndirectInputEvents = YES;
				INFOPLIST_KEY_UILaunchStoryboardName = LaunchScreen;
				INFOPLIST_KEY_UIMainStoryboardFile = Main;
				INFOPLIST_KEY_UISupportedInterfaceOrientations_iPad = "UIInterfaceOrientationPortrait UIInterfaceOrientationPortraitUpsideDown UIInterfaceOrientationLandscapeLeft UIInterfaceOrientationLandscapeRight";
				INFOPLIST_KEY_UISupportedInterfaceOrientations_iPhone = "UIInterfaceOrientationPortrait UIInterfaceOrientationLandscapeLeft UIInterfaceOrientationLandscapeRight";
				IPHONEOS_DEPLOYMENT_TARGET = 12.0;
				LD_RUNPATH_SEARCH_PATHS = (
					"$(inherited)",
					"@executable_path/Frameworks",
				);
				MARKETING_VERSION = 1.0;
				PRODUCT_BUNDLE_IDENTIFIER = "com.edts.KlikIDM-DS";
				PRODUCT_NAME = "$(TARGET_NAME)";
				SWIFT_EMIT_LOC_STRINGS = YES;
				SWIFT_VERSION = 5.0;
				TARGETED_DEVICE_FAMILY = "1,2";
			};
			name = Debug;
		};
		50A2B7F92E4341E5007A4AE3 /* Release */ = {
			isa = XCBuildConfiguration;
			baseConfigurationReference = 854AA0A2F8FC6FF28B65D73C /* Pods-KlikIDM-DS.release.xcconfig */;
			buildSettings = {
				ASSETCATALOG_COMPILER_APPICON_NAME = AppIcon;
				ASSETCATALOG_COMPILER_GLOBAL_ACCENT_COLOR_NAME = AccentColor;
				CODE_SIGN_STYLE = Automatic;
				CURRENT_PROJECT_VERSION = 1;
				DEVELOPMENT_TEAM = MHKJ3B9LJR;
				GENERATE_INFOPLIST_FILE = YES;
				INFOPLIST_FILE = "KlikIDM-DS/Info.plist";
				INFOPLIST_KEY_UIApplicationSupportsIndirectInputEvents = YES;
				INFOPLIST_KEY_UILaunchStoryboardName = LaunchScreen;
				INFOPLIST_KEY_UIMainStoryboardFile = Main;
				INFOPLIST_KEY_UISupportedInterfaceOrientations_iPad = "UIInterfaceOrientationPortrait UIInterfaceOrientationPortraitUpsideDown UIInterfaceOrientationLandscapeLeft UIInterfaceOrientationLandscapeRight";
				INFOPLIST_KEY_UISupportedInterfaceOrientations_iPhone = "UIInterfaceOrientationPortrait UIInterfaceOrientationLandscapeLeft UIInterfaceOrientationLandscapeRight";
				IPHONEOS_DEPLOYMENT_TARGET = 12.0;
				LD_RUNPATH_SEARCH_PATHS = (
					"$(inherited)",
					"@executable_path/Frameworks",
				);
				MARKETING_VERSION = 1.0;
				PRODUCT_BUNDLE_IDENTIFIER = "com.edts.KlikIDM-DS";
				PRODUCT_NAME = "$(TARGET_NAME)";
				SWIFT_EMIT_LOC_STRINGS = YES;
				SWIFT_VERSION = 5.0;
				TARGETED_DEVICE_FAMILY = "1,2";
			};
			name = Release;
		};
		50A2B7FA2E4341E5007A4AE3 /* Debug */ = {
			isa = XCBuildConfiguration;
			buildSettings = {
				ALWAYS_SEARCH_USER_PATHS = NO;
				ASSETCATALOG_COMPILER_GENERATE_SWIFT_ASSET_SYMBOL_EXTENSIONS = YES;
				CLANG_ANALYZER_NONNULL = YES;
				CLANG_ANALYZER_NUMBER_OBJECT_CONVERSION = YES_AGGRESSIVE;
				CLANG_CXX_LANGUAGE_STANDARD = "gnu++20";
				CLANG_ENABLE_MODULES = YES;
				CLANG_ENABLE_OBJC_ARC = YES;
				CLANG_ENABLE_OBJC_WEAK = YES;
				CLANG_WARN_BLOCK_CAPTURE_AUTORELEASING = YES;
				CLANG_WARN_BOOL_CONVERSION = YES;
				CLANG_WARN_COMMA = YES;
				CLANG_WARN_CONSTANT_CONVERSION = YES;
				CLANG_WARN_DEPRECATED_OBJC_IMPLEMENTATIONS = YES;
				CLANG_WARN_DIRECT_OBJC_ISA_USAGE = YES_ERROR;
				CLANG_WARN_DOCUMENTATION_COMMENTS = YES;
				CLANG_WARN_EMPTY_BODY = YES;
				CLANG_WARN_ENUM_CONVERSION = YES;
				CLANG_WARN_INFINITE_RECURSION = YES;
				CLANG_WARN_INT_CONVERSION = YES;
				CLANG_WARN_NON_LITERAL_NULL_CONVERSION = YES;
				CLANG_WARN_OBJC_IMPLICIT_RETAIN_SELF = YES;
				CLANG_WARN_OBJC_LITERAL_CONVERSION = YES;
				CLANG_WARN_OBJC_ROOT_CLASS = YES_ERROR;
				CLANG_WARN_QUOTED_INCLUDE_IN_FRAMEWORK_HEADER = YES;
				CLANG_WARN_RANGE_LOOP_ANALYSIS = YES;
				CLANG_WARN_STRICT_PROTOTYPES = YES;
				CLANG_WARN_SUSPICIOUS_MOVE = YES;
				CLANG_WARN_UNGUARDED_AVAILABILITY = YES_AGGRESSIVE;
				CLANG_WARN_UNREACHABLE_CODE = YES;
				CLANG_WARN__DUPLICATE_METHOD_MATCH = YES;
				COPY_PHASE_STRIP = NO;
				DEBUG_INFORMATION_FORMAT = dwarf;
				DEVELOPMENT_TEAM = MHKJ3B9LJR;
				ENABLE_STRICT_OBJC_MSGSEND = YES;
				ENABLE_TESTABILITY = YES;
				ENABLE_USER_SCRIPT_SANDBOXING = YES;
				GCC_C_LANGUAGE_STANDARD = gnu17;
				GCC_DYNAMIC_NO_PIC = NO;
				GCC_NO_COMMON_BLOCKS = YES;
				GCC_OPTIMIZATION_LEVEL = 0;
				GCC_PREPROCESSOR_DEFINITIONS = (
					"DEBUG=1",
					"$(inherited)",
				);
				GCC_WARN_64_TO_32_BIT_CONVERSION = YES;
				GCC_WARN_ABOUT_RETURN_TYPE = YES_ERROR;
				GCC_WARN_UNDECLARED_SELECTOR = YES;
				GCC_WARN_UNINITIALIZED_AUTOS = YES_AGGRESSIVE;
				GCC_WARN_UNUSED_FUNCTION = YES;
				GCC_WARN_UNUSED_VARIABLE = YES;
				IPHONEOS_DEPLOYMENT_TARGET = 18.5;
				LOCALIZATION_PREFERS_STRING_CATALOGS = YES;
				MTL_ENABLE_DEBUG_INFO = INCLUDE_SOURCE;
				MTL_FAST_MATH = YES;
				ONLY_ACTIVE_ARCH = YES;
				SDKROOT = iphoneos;
				SWIFT_ACTIVE_COMPILATION_CONDITIONS = "DEBUG $(inherited)";
				SWIFT_OPTIMIZATION_LEVEL = "-Onone";
			};
			name = Debug;
		};
		50A2B7FB2E4341E5007A4AE3 /* Release */ = {
			isa = XCBuildConfiguration;
			buildSettings = {
				ALWAYS_SEARCH_USER_PATHS = NO;
				ASSETCATALOG_COMPILER_GENERATE_SWIFT_ASSET_SYMBOL_EXTENSIONS = YES;
				CLANG_ANALYZER_NONNULL = YES;
				CLANG_ANALYZER_NUMBER_OBJECT_CONVERSION = YES_AGGRESSIVE;
				CLANG_CXX_LANGUAGE_STANDARD = "gnu++20";
				CLANG_ENABLE_MODULES = YES;
				CLANG_ENABLE_OBJC_ARC = YES;
				CLANG_ENABLE_OBJC_WEAK = YES;
				CLANG_WARN_BLOCK_CAPTURE_AUTORELEASING = YES;
				CLANG_WARN_BOOL_CONVERSION = YES;
				CLANG_WARN_COMMA = YES;
				CLANG_WARN_CONSTANT_CONVERSION = YES;
				CLANG_WARN_DEPRECATED_OBJC_IMPLEMENTATIONS = YES;
				CLANG_WARN_DIRECT_OBJC_ISA_USAGE = YES_ERROR;
				CLANG_WARN_DOCUMENTATION_COMMENTS = YES;
				CLANG_WARN_EMPTY_BODY = YES;
				CLANG_WARN_ENUM_CONVERSION = YES;
				CLANG_WARN_INFINITE_RECURSION = YES;
				CLANG_WARN_INT_CONVERSION = YES;
				CLANG_WARN_NON_LITERAL_NULL_CONVERSION = YES;
				CLANG_WARN_OBJC_IMPLICIT_RETAIN_SELF = YES;
				CLANG_WARN_OBJC_LITERAL_CONVERSION = YES;
				CLANG_WARN_OBJC_ROOT_CLASS = YES_ERROR;
				CLANG_WARN_QUOTED_INCLUDE_IN_FRAMEWORK_HEADER = YES;
				CLANG_WARN_RANGE_LOOP_ANALYSIS = YES;
				CLANG_WARN_STRICT_PROTOTYPES = YES;
				CLANG_WARN_SUSPICIOUS_MOVE = YES;
				CLANG_WARN_UNGUARDED_AVAILABILITY = YES_AGGRESSIVE;
				CLANG_WARN_UNREACHABLE_CODE = YES;
				CLANG_WARN__DUPLICATE_METHOD_MATCH = YES;
				COPY_PHASE_STRIP = NO;
				DEBUG_INFORMATION_FORMAT = "dwarf-with-dsym";
				DEVELOPMENT_TEAM = MHKJ3B9LJR;
				ENABLE_NS_ASSERTIONS = NO;
				ENABLE_STRICT_OBJC_MSGSEND = YES;
				ENABLE_USER_SCRIPT_SANDBOXING = YES;
				GCC_C_LANGUAGE_STANDARD = gnu17;
				GCC_NO_COMMON_BLOCKS = YES;
				GCC_WARN_64_TO_32_BIT_CONVERSION = YES;
				GCC_WARN_ABOUT_RETURN_TYPE = YES_ERROR;
				GCC_WARN_UNDECLARED_SELECTOR = YES;
				GCC_WARN_UNINITIALIZED_AUTOS = YES_AGGRESSIVE;
				GCC_WARN_UNUSED_FUNCTION = YES;
				GCC_WARN_UNUSED_VARIABLE = YES;
				IPHONEOS_DEPLOYMENT_TARGET = 18.5;
				LOCALIZATION_PREFERS_STRING_CATALOGS = YES;
				MTL_ENABLE_DEBUG_INFO = NO;
				MTL_FAST_MATH = YES;
				SDKROOT = iphoneos;
				SWIFT_COMPILATION_MODE = wholemodule;
				VALIDATE_PRODUCT = YES;
			};
			name = Release;
		};
		50A2B7FD2E4341E5007A4AE3 /* Debug */ = {
			isa = XCBuildConfiguration;
			buildSettings = {
				BUNDLE_LOADER = "$(TEST_HOST)";
				CODE_SIGN_STYLE = Automatic;
				CURRENT_PROJECT_VERSION = 1;
				DEVELOPMENT_TEAM = MHKJ3B9LJR;
				GENERATE_INFOPLIST_FILE = YES;
				IPHONEOS_DEPLOYMENT_TARGET = 18.5;
				MARKETING_VERSION = 1.0;
				PRODUCT_BUNDLE_IDENTIFIER = "com.edts.KlikIDM-DSTests";
				PRODUCT_NAME = "$(TARGET_NAME)";
				SWIFT_EMIT_LOC_STRINGS = NO;
				SWIFT_VERSION = 5.0;
				TARGETED_DEVICE_FAMILY = "1,2";
				TEST_HOST = "$(BUILT_PRODUCTS_DIR)/KlikIDM-DS.app/$(BUNDLE_EXECUTABLE_FOLDER_PATH)/KlikIDM-DS";
			};
			name = Debug;
		};
		50A2B7FE2E4341E5007A4AE3 /* Release */ = {
			isa = XCBuildConfiguration;
			buildSettings = {
				BUNDLE_LOADER = "$(TEST_HOST)";
				CODE_SIGN_STYLE = Automatic;
				CURRENT_PROJECT_VERSION = 1;
				DEVELOPMENT_TEAM = MHKJ3B9LJR;
				GENERATE_INFOPLIST_FILE = YES;
				IPHONEOS_DEPLOYMENT_TARGET = 18.5;
				MARKETING_VERSION = 1.0;
				PRODUCT_BUNDLE_IDENTIFIER = "com.edts.KlikIDM-DSTests";
				PRODUCT_NAME = "$(TARGET_NAME)";
				SWIFT_EMIT_LOC_STRINGS = NO;
				SWIFT_VERSION = 5.0;
				TARGETED_DEVICE_FAMILY = "1,2";
				TEST_HOST = "$(BUILT_PRODUCTS_DIR)/KlikIDM-DS.app/$(BUNDLE_EXECUTABLE_FOLDER_PATH)/KlikIDM-DS";
			};
			name = Release;
		};
		50A2B8002E4341E5007A4AE3 /* Debug */ = {
			isa = XCBuildConfiguration;
			buildSettings = {
				CODE_SIGN_STYLE = Automatic;
				CURRENT_PROJECT_VERSION = 1;
				DEVELOPMENT_TEAM = MHKJ3B9LJR;
				GENERATE_INFOPLIST_FILE = YES;
				MARKETING_VERSION = 1.0;
				PRODUCT_BUNDLE_IDENTIFIER = "com.edts.KlikIDM-DSUITests";
				PRODUCT_NAME = "$(TARGET_NAME)";
				SWIFT_EMIT_LOC_STRINGS = NO;
				SWIFT_VERSION = 5.0;
				TARGETED_DEVICE_FAMILY = "1,2";
				TEST_TARGET_NAME = "KlikIDM-DS";
			};
			name = Debug;
		};
		50A2B8012E4341E5007A4AE3 /* Release */ = {
			isa = XCBuildConfiguration;
			buildSettings = {
				CODE_SIGN_STYLE = Automatic;
				CURRENT_PROJECT_VERSION = 1;
				DEVELOPMENT_TEAM = MHKJ3B9LJR;
				GENERATE_INFOPLIST_FILE = YES;
				MARKETING_VERSION = 1.0;
				PRODUCT_BUNDLE_IDENTIFIER = "com.edts.KlikIDM-DSUITests";
				PRODUCT_NAME = "$(TARGET_NAME)";
				SWIFT_EMIT_LOC_STRINGS = NO;
				SWIFT_VERSION = 5.0;
				TARGETED_DEVICE_FAMILY = "1,2";
				TEST_TARGET_NAME = "KlikIDM-DS";
			};
			name = Release;
		};
/* End XCBuildConfiguration section */

/* Begin XCConfigurationList section */
		50A2B7C92E4341E2007A4AE3 /* Build configuration list for PBXProject "KlikIDM-DS" */ = {
			isa = XCConfigurationList;
			buildConfigurations = (
				50A2B7FA2E4341E5007A4AE3 /* Debug */,
				50A2B7FB2E4341E5007A4AE3 /* Release */,
			);
			defaultConfigurationIsVisible = 0;
			defaultConfigurationName = Release;
		};
		50A2B7F72E4341E5007A4AE3 /* Build configuration list for PBXNativeTarget "KlikIDM-DS" */ = {
			isa = XCConfigurationList;
			buildConfigurations = (
				50A2B7F82E4341E5007A4AE3 /* Debug */,
				50A2B7F92E4341E5007A4AE3 /* Release */,
			);
			defaultConfigurationIsVisible = 0;
			defaultConfigurationName = Release;
		};
		50A2B7FC2E4341E5007A4AE3 /* Build configuration list for PBXNativeTarget "KlikIDM-DSTests" */ = {
			isa = XCConfigurationList;
			buildConfigurations = (
				50A2B7FD2E4341E5007A4AE3 /* Debug */,
				50A2B7FE2E4341E5007A4AE3 /* Release */,
			);
			defaultConfigurationIsVisible = 0;
			defaultConfigurationName = Release;
		};
		50A2B7FF2E4341E5007A4AE3 /* Build configuration list for PBXNativeTarget "KlikIDM-DSUITests" */ = {
			isa = XCConfigurationList;
			buildConfigurations = (
				50A2B8002E4341E5007A4AE3 /* Debug */,
				50A2B8012E4341E5007A4AE3 /* Release */,
			);
			defaultConfigurationIsVisible = 0;
			defaultConfigurationName = Release;
		};
/* End XCConfigurationList section */
	};
	rootObject = 50A2B7C62E4341E2007A4AE3 /* Project object */;
}
